
Microsoft Visual Studio Solution File, Format Version 12.00
# Visual Studio Version 17
VisualStudioVersion = 17.0.31903.59
MinimumVisualStudioVersion = 10.0.40219.1
Project("{2150E333-8FDC-42A3-9474-1A3956D46DE8}") = "src", "src", "{827E0CD3-B72D-47B6-A68D-7590B98EB39B}"
EndProject
Project("{FAE04EC0-301F-11D3-BF4B-00C04F79EFBC}") = "Kafka.Context", "src\Kafka.Context\Kafka.Context.csproj", "{988A3196-6D4C-4AE7-83BF-88C02046E16A}"
EndProject
Project("{FAE04EC0-301F-11D3-BF4B-00C04F79EFBC}") = "Kafka.Context.Abstractions", "src\Kafka.Context.Abstractions\Kafka.Context.Abstractions.csproj", "{4EDF4D5F-C0FF-4244-B9B5-DB20722669DD}"
EndProject
Project("{FAE04EC0-301F-11D3-BF4B-00C04F79EFBC}") = "Kafka.Context.Application", "src\Kafka.Context.Application\Kafka.Context.Application.csproj", "{90ECAA7B-E448-4C7A-8D5E-4C8EEF82EF00}"
EndProject
Project("{FAE04EC0-301F-11D3-BF4B-00C04F79EFBC}") = "Kafka.Context.Messaging", "src\Kafka.Context.Messaging\Kafka.Context.Messaging.csproj", "{A20F0ECD-013B-42F3-9755-DC0EAA4AA9D6}"
EndProject
Project("{FAE04EC0-301F-11D3-BF4B-00C04F79EFBC}") = "Kafka.Context.Infrastructure", "src\Kafka.Context.Infrastructure\Kafka.Context.Infrastructure.csproj", "{0A918F5E-54DA-44B3-89A9-5A402E12D94A}"
EndProject
Project("{2150E333-8FDC-42A3-9474-1A3956D46DE8}") = "tests", "tests", "{0AB3BF05-4346-4AA6-1389-037BE0695223}"
EndProject
Project("{2150E333-8FDC-42A3-9474-1A3956D46DE8}") = "unit", "unit", "{9D556B49-86D1-93A7-9596-FFAAB74EC556}"
EndProject
Project("{FAE04EC0-301F-11D3-BF4B-00C04F79EFBC}") = "Kafka.Context.Tests", "tests\unit\Kafka.Context.Tests\Kafka.Context.Tests.csproj", "{EE3807DE-0FB8-4CFD-B992-2314A3210D30}"
EndProject
Project("{2150E333-8FDC-42A3-9474-1A3956D46DE8}") = "examples", "examples", "{B36A84DF-456D-A817-6EDD-3EC3E7F6E11F}"
EndProject
Project("{2150E333-8FDC-42A3-9474-1A3956D46DE8}") = "quickstart", "quickstart", "{D3D05620-5F62-0A31-CDE8-A2B9AE003A29}"
EndProject
Project("{FAE04EC0-301F-11D3-BF4B-00C04F79EFBC}") = "QuickStart", "examples\quickstart\QuickStart.csproj", "{A97B0A89-F8DE-4BAC-9B21-39F8D376A046}"
EndProject
Project("{2150E333-8FDC-42A3-9474-1A3956D46DE8}") = "manual-commit", "manual-commit", "{5AE8F9DD-95BE-4A09-3398-CDD18ECDE778}"
EndProject
Project("{FAE04EC0-301F-11D3-BF4B-00C04F79EFBC}") = "ManualCommit", "examples\manual-commit\ManualCommit.csproj", "{851AE934-E750-45CA-8B71-FF41A962BAAD}"
EndProject
Project("{2150E333-8FDC-42A3-9474-1A3956D46DE8}") = "error-handling-dlq", "error-handling-dlq", "{5D31280E-3A77-5A32-C34B-0AE0B56BBCBF}"
EndProject
Project("{FAE04EC0-301F-11D3-BF4B-00C04F79EFBC}") = "ErrorHandlingDlq", "examples\error-handling-dlq\ErrorHandlingDlq.csproj", "{E0BADA36-F6FE-4FCD-9E8A-5B06F53002D2}"
EndProject
Project("{FAE04EC0-301F-11D3-BF4B-00C04F79EFBC}") = "Kafka.Context.Cli", "src\Kafka.Context.Cli\Kafka.Context.Cli.csproj", "{37C04EA5-57D4-49A1-9692-2DF7D1ED2305}"
EndProject
Global
	GlobalSection(SolutionConfigurationPlatforms) = preSolution
		Debug|Any CPU = Debug|Any CPU
		Debug|x64 = Debug|x64
		Debug|x86 = Debug|x86
		Release|Any CPU = Release|Any CPU
		Release|x64 = Release|x64
		Release|x86 = Release|x86
	EndGlobalSection
	GlobalSection(ProjectConfigurationPlatforms) = postSolution
		{988A3196-6D4C-4AE7-83BF-88C02046E16A}.Debug|Any CPU.ActiveCfg = Debug|Any CPU
		{988A3196-6D4C-4AE7-83BF-88C02046E16A}.Debug|Any CPU.Build.0 = Debug|Any CPU
		{988A3196-6D4C-4AE7-83BF-88C02046E16A}.Debug|x64.ActiveCfg = Debug|Any CPU
		{988A3196-6D4C-4AE7-83BF-88C02046E16A}.Debug|x64.Build.0 = Debug|Any CPU
		{988A3196-6D4C-4AE7-83BF-88C02046E16A}.Debug|x86.ActiveCfg = Debug|Any CPU
		{988A3196-6D4C-4AE7-83BF-88C02046E16A}.Debug|x86.Build.0 = Debug|Any CPU
		{988A3196-6D4C-4AE7-83BF-88C02046E16A}.Release|Any CPU.ActiveCfg = Release|Any CPU
		{988A3196-6D4C-4AE7-83BF-88C02046E16A}.Release|Any CPU.Build.0 = Release|Any CPU
		{988A3196-6D4C-4AE7-83BF-88C02046E16A}.Release|x64.ActiveCfg = Release|Any CPU
		{988A3196-6D4C-4AE7-83BF-88C02046E16A}.Release|x64.Build.0 = Release|Any CPU
		{988A3196-6D4C-4AE7-83BF-88C02046E16A}.Release|x86.ActiveCfg = Release|Any CPU
		{988A3196-6D4C-4AE7-83BF-88C02046E16A}.Release|x86.Build.0 = Release|Any CPU
		{4EDF4D5F-C0FF-4244-B9B5-DB20722669DD}.Debug|Any CPU.ActiveCfg = Debug|Any CPU
		{4EDF4D5F-C0FF-4244-B9B5-DB20722669DD}.Debug|Any CPU.Build.0 = Debug|Any CPU
		{4EDF4D5F-C0FF-4244-B9B5-DB20722669DD}.Debug|x64.ActiveCfg = Debug|Any CPU
		{4EDF4D5F-C0FF-4244-B9B5-DB20722669DD}.Debug|x64.Build.0 = Debug|Any CPU
		{4EDF4D5F-C0FF-4244-B9B5-DB20722669DD}.Debug|x86.ActiveCfg = Debug|Any CPU
		{4EDF4D5F-C0FF-4244-B9B5-DB20722669DD}.Debug|x86.Build.0 = Debug|Any CPU
		{4EDF4D5F-C0FF-4244-B9B5-DB20722669DD}.Release|Any CPU.ActiveCfg = Release|Any CPU
		{4EDF4D5F-C0FF-4244-B9B5-DB20722669DD}.Release|Any CPU.Build.0 = Release|Any CPU
		{4EDF4D5F-C0FF-4244-B9B5-DB20722669DD}.Release|x64.ActiveCfg = Release|Any CPU
		{4EDF4D5F-C0FF-4244-B9B5-DB20722669DD}.Release|x64.Build.0 = Release|Any CPU
		{4EDF4D5F-C0FF-4244-B9B5-DB20722669DD}.Release|x86.ActiveCfg = Release|Any CPU
		{4EDF4D5F-C0FF-4244-B9B5-DB20722669DD}.Release|x86.Build.0 = Release|Any CPU
		{90ECAA7B-E448-4C7A-8D5E-4C8EEF82EF00}.Debug|Any CPU.ActiveCfg = Debug|Any CPU
		{90ECAA7B-E448-4C7A-8D5E-4C8EEF82EF00}.Debug|Any CPU.Build.0 = Debug|Any CPU
		{90ECAA7B-E448-4C7A-8D5E-4C8EEF82EF00}.Debug|x64.ActiveCfg = Debug|Any CPU
		{90ECAA7B-E448-4C7A-8D5E-4C8EEF82EF00}.Debug|x64.Build.0 = Debug|Any CPU
		{90ECAA7B-E448-4C7A-8D5E-4C8EEF82EF00}.Debug|x86.ActiveCfg = Debug|Any CPU
		{90ECAA7B-E448-4C7A-8D5E-4C8EEF82EF00}.Debug|x86.Build.0 = Debug|Any CPU
		{90ECAA7B-E448-4C7A-8D5E-4C8EEF82EF00}.Release|Any CPU.ActiveCfg = Release|Any CPU
		{90ECAA7B-E448-4C7A-8D5E-4C8EEF82EF00}.Release|Any CPU.Build.0 = Release|Any CPU
		{90ECAA7B-E448-4C7A-8D5E-4C8EEF82EF00}.Release|x64.ActiveCfg = Release|Any CPU
		{90ECAA7B-E448-4C7A-8D5E-4C8EEF82EF00}.Release|x64.Build.0 = Release|Any CPU
		{90ECAA7B-E448-4C7A-8D5E-4C8EEF82EF00}.Release|x86.ActiveCfg = Release|Any CPU
		{90ECAA7B-E448-4C7A-8D5E-4C8EEF82EF00}.Release|x86.Build.0 = Release|Any CPU
		{A20F0ECD-013B-42F3-9755-DC0EAA4AA9D6}.Debug|Any CPU.ActiveCfg = Debug|Any CPU
		{A20F0ECD-013B-42F3-9755-DC0EAA4AA9D6}.Debug|Any CPU.Build.0 = Debug|Any CPU
		{A20F0ECD-013B-42F3-9755-DC0EAA4AA9D6}.Debug|x64.ActiveCfg = Debug|Any CPU
		{A20F0ECD-013B-42F3-9755-DC0EAA4AA9D6}.Debug|x64.Build.0 = Debug|Any CPU
		{A20F0ECD-013B-42F3-9755-DC0EAA4AA9D6}.Debug|x86.ActiveCfg = Debug|Any CPU
		{A20F0ECD-013B-42F3-9755-DC0EAA4AA9D6}.Debug|x86.Build.0 = Debug|Any CPU
		{A20F0ECD-013B-42F3-9755-DC0EAA4AA9D6}.Release|Any CPU.ActiveCfg = Release|Any CPU
		{A20F0ECD-013B-42F3-9755-DC0EAA4AA9D6}.Release|Any CPU.Build.0 = Release|Any CPU
		{A20F0ECD-013B-42F3-9755-DC0EAA4AA9D6}.Release|x64.ActiveCfg = Release|Any CPU
		{A20F0ECD-013B-42F3-9755-DC0EAA4AA9D6}.Release|x64.Build.0 = Release|Any CPU
		{A20F0ECD-013B-42F3-9755-DC0EAA4AA9D6}.Release|x86.ActiveCfg = Release|Any CPU
		{A20F0ECD-013B-42F3-9755-DC0EAA4AA9D6}.Release|x86.Build.0 = Release|Any CPU
		{0A918F5E-54DA-44B3-89A9-5A402E12D94A}.Debug|Any CPU.ActiveCfg = Debug|Any CPU
		{0A918F5E-54DA-44B3-89A9-5A402E12D94A}.Debug|Any CPU.Build.0 = Debug|Any CPU
		{0A918F5E-54DA-44B3-89A9-5A402E12D94A}.Debug|x64.ActiveCfg = Debug|Any CPU
		{0A918F5E-54DA-44B3-89A9-5A402E12D94A}.Debug|x64.Build.0 = Debug|Any CPU
		{0A918F5E-54DA-44B3-89A9-5A402E12D94A}.Debug|x86.ActiveCfg = Debug|Any CPU
		{0A918F5E-54DA-44B3-89A9-5A402E12D94A}.Debug|x86.Build.0 = Debug|Any CPU
		{0A918F5E-54DA-44B3-89A9-5A402E12D94A}.Release|Any CPU.ActiveCfg = Release|Any CPU
		{0A918F5E-54DA-44B3-89A9-5A402E12D94A}.Release|Any CPU.Build.0 = Release|Any CPU
		{0A918F5E-54DA-44B3-89A9-5A402E12D94A}.Release|x64.ActiveCfg = Release|Any CPU
		{0A918F5E-54DA-44B3-89A9-5A402E12D94A}.Release|x64.Build.0 = Release|Any CPU
		{0A918F5E-54DA-44B3-89A9-5A402E12D94A}.Release|x86.ActiveCfg = Release|Any CPU
		{0A918F5E-54DA-44B3-89A9-5A402E12D94A}.Release|x86.Build.0 = Release|Any CPU
		{EE3807DE-0FB8-4CFD-B992-2314A3210D30}.Debug|Any CPU.ActiveCfg = Debug|Any CPU
		{EE3807DE-0FB8-4CFD-B992-2314A3210D30}.Debug|Any CPU.Build.0 = Debug|Any CPU
		{EE3807DE-0FB8-4CFD-B992-2314A3210D30}.Debug|x64.ActiveCfg = Debug|Any CPU
		{EE3807DE-0FB8-4CFD-B992-2314A3210D30}.Debug|x64.Build.0 = Debug|Any CPU
		{EE3807DE-0FB8-4CFD-B992-2314A3210D30}.Debug|x86.ActiveCfg = Debug|Any CPU
		{EE3807DE-0FB8-4CFD-B992-2314A3210D30}.Debug|x86.Build.0 = Debug|Any CPU
		{EE3807DE-0FB8-4CFD-B992-2314A3210D30}.Release|Any CPU.ActiveCfg = Release|Any CPU
		{EE3807DE-0FB8-4CFD-B992-2314A3210D30}.Release|Any CPU.Build.0 = Release|Any CPU
		{EE3807DE-0FB8-4CFD-B992-2314A3210D30}.Release|x64.ActiveCfg = Release|Any CPU
		{EE3807DE-0FB8-4CFD-B992-2314A3210D30}.Release|x64.Build.0 = Release|Any CPU
		{EE3807DE-0FB8-4CFD-B992-2314A3210D30}.Release|x86.ActiveCfg = Release|Any CPU
		{EE3807DE-0FB8-4CFD-B992-2314A3210D30}.Release|x86.Build.0 = Release|Any CPU
		{A97B0A89-F8DE-4BAC-9B21-39F8D376A046}.Debug|Any CPU.ActiveCfg = Debug|Any CPU
		{A97B0A89-F8DE-4BAC-9B21-39F8D376A046}.Debug|Any CPU.Build.0 = Debug|Any CPU
		{A97B0A89-F8DE-4BAC-9B21-39F8D376A046}.Debug|x64.ActiveCfg = Debug|Any CPU
		{A97B0A89-F8DE-4BAC-9B21-39F8D376A046}.Debug|x64.Build.0 = Debug|Any CPU
		{A97B0A89-F8DE-4BAC-9B21-39F8D376A046}.Debug|x86.ActiveCfg = Debug|Any CPU
		{A97B0A89-F8DE-4BAC-9B21-39F8D376A046}.Debug|x86.Build.0 = Debug|Any CPU
		{A97B0A89-F8DE-4BAC-9B21-39F8D376A046}.Release|Any CPU.ActiveCfg = Release|Any CPU
		{A97B0A89-F8DE-4BAC-9B21-39F8D376A046}.Release|Any CPU.Build.0 = Release|Any CPU
		{A97B0A89-F8DE-4BAC-9B21-39F8D376A046}.Release|x64.ActiveCfg = Release|Any CPU
		{A97B0A89-F8DE-4BAC-9B21-39F8D376A046}.Release|x64.Build.0 = Release|Any CPU
		{A97B0A89-F8DE-4BAC-9B21-39F8D376A046}.Release|x86.ActiveCfg = Release|Any CPU
		{A97B0A89-F8DE-4BAC-9B21-39F8D376A046}.Release|x86.Build.0 = Release|Any CPU
		{851AE934-E750-45CA-8B71-FF41A962BAAD}.Debug|Any CPU.ActiveCfg = Debug|Any CPU
		{851AE934-E750-45CA-8B71-FF41A962BAAD}.Debug|Any CPU.Build.0 = Debug|Any CPU
		{851AE934-E750-45CA-8B71-FF41A962BAAD}.Debug|x64.ActiveCfg = Debug|Any CPU
		{851AE934-E750-45CA-8B71-FF41A962BAAD}.Debug|x64.Build.0 = Debug|Any CPU
		{851AE934-E750-45CA-8B71-FF41A962BAAD}.Debug|x86.ActiveCfg = Debug|Any CPU
		{851AE934-E750-45CA-8B71-FF41A962BAAD}.Debug|x86.Build.0 = Debug|Any CPU
		{851AE934-E750-45CA-8B71-FF41A962BAAD}.Release|Any CPU.ActiveCfg = Release|Any CPU
		{851AE934-E750-45CA-8B71-FF41A962BAAD}.Release|Any CPU.Build.0 = Release|Any CPU
		{851AE934-E750-45CA-8B71-FF41A962BAAD}.Release|x64.ActiveCfg = Release|Any CPU
		{851AE934-E750-45CA-8B71-FF41A962BAAD}.Release|x64.Build.0 = Release|Any CPU
		{851AE934-E750-45CA-8B71-FF41A962BAAD}.Release|x86.ActiveCfg = Release|Any CPU
		{851AE934-E750-45CA-8B71-FF41A962BAAD}.Release|x86.Build.0 = Release|Any CPU
		{E0BADA36-F6FE-4FCD-9E8A-5B06F53002D2}.Debug|Any CPU.ActiveCfg = Debug|Any CPU
		{E0BADA36-F6FE-4FCD-9E8A-5B06F53002D2}.Debug|Any CPU.Build.0 = Debug|Any CPU
		{E0BADA36-F6FE-4FCD-9E8A-5B06F53002D2}.Debug|x64.ActiveCfg = Debug|Any CPU
		{E0BADA36-F6FE-4FCD-9E8A-5B06F53002D2}.Debug|x64.Build.0 = Debug|Any CPU
		{E0BADA36-F6FE-4FCD-9E8A-5B06F53002D2}.Debug|x86.ActiveCfg = Debug|Any CPU
		{E0BADA36-F6FE-4FCD-9E8A-5B06F53002D2}.Debug|x86.Build.0 = Debug|Any CPU
		{E0BADA36-F6FE-4FCD-9E8A-5B06F53002D2}.Release|Any CPU.ActiveCfg = Release|Any CPU
		{E0BADA36-F6FE-4FCD-9E8A-5B06F53002D2}.Release|Any CPU.Build.0 = Release|Any CPU
		{E0BADA36-F6FE-4FCD-9E8A-5B06F53002D2}.Release|x64.ActiveCfg = Release|Any CPU
		{E0BADA36-F6FE-4FCD-9E8A-5B06F53002D2}.Release|x64.Build.0 = Release|Any CPU
		{E0BADA36-F6FE-4FCD-9E8A-5B06F53002D2}.Release|x86.ActiveCfg = Release|Any CPU
		{E0BADA36-F6FE-4FCD-9E8A-5B06F53002D2}.Release|x86.Build.0 = Release|Any CPU
		{37C04EA5-57D4-49A1-9692-2DF7D1ED2305}.Debug|Any CPU.ActiveCfg = Debug|Any CPU
		{37C04EA5-57D4-49A1-9692-2DF7D1ED2305}.Debug|Any CPU.Build.0 = Debug|Any CPU
		{37C04EA5-57D4-49A1-9692-2DF7D1ED2305}.Debug|x64.ActiveCfg = Debug|Any CPU
		{37C04EA5-57D4-49A1-9692-2DF7D1ED2305}.Debug|x64.Build.0 = Debug|Any CPU
		{37C04EA5-57D4-49A1-9692-2DF7D1ED2305}.Debug|x86.ActiveCfg = Debug|Any CPU
		{37C04EA5-57D4-49A1-9692-2DF7D1ED2305}.Debug|x86.Build.0 = Debug|Any CPU
		{37C04EA5-57D4-49A1-9692-2DF7D1ED2305}.Release|Any CPU.ActiveCfg = Release|Any CPU
		{37C04EA5-57D4-49A1-9692-2DF7D1ED2305}.Release|Any CPU.Build.0 = Release|Any CPU
		{37C04EA5-57D4-49A1-9692-2DF7D1ED2305}.Release|x64.ActiveCfg = Release|Any CPU
		{37C04EA5-57D4-49A1-9692-2DF7D1ED2305}.Release|x64.Build.0 = Release|Any CPU
		{37C04EA5-57D4-49A1-9692-2DF7D1ED2305}.Release|x86.ActiveCfg = Release|Any CPU
		{37C04EA5-57D4-49A1-9692-2DF7D1ED2305}.Release|x86.Build.0 = Release|Any CPU
	EndGlobalSection
	GlobalSection(SolutionProperties) = preSolution
		HideSolutionNode = FALSE
	EndGlobalSection
	GlobalSection(NestedProjects) = preSolution
		{988A3196-6D4C-4AE7-83BF-88C02046E16A} = {827E0CD3-B72D-47B6-A68D-7590B98EB39B}
		{4EDF4D5F-C0FF-4244-B9B5-DB20722669DD} = {827E0CD3-B72D-47B6-A68D-7590B98EB39B}
		{90ECAA7B-E448-4C7A-8D5E-4C8EEF82EF00} = {827E0CD3-B72D-47B6-A68D-7590B98EB39B}
		{A20F0ECD-013B-42F3-9755-DC0EAA4AA9D6} = {827E0CD3-B72D-47B6-A68D-7590B98EB39B}
		{0A918F5E-54DA-44B3-89A9-5A402E12D94A} = {827E0CD3-B72D-47B6-A68D-7590B98EB39B}
		{9D556B49-86D1-93A7-9596-FFAAB74EC556} = {0AB3BF05-4346-4AA6-1389-037BE0695223}
		{EE3807DE-0FB8-4CFD-B992-2314A3210D30} = {9D556B49-86D1-93A7-9596-FFAAB74EC556}
		{D3D05620-5F62-0A31-CDE8-A2B9AE003A29} = {B36A84DF-456D-A817-6EDD-3EC3E7F6E11F}
		{A97B0A89-F8DE-4BAC-9B21-39F8D376A046} = {D3D05620-5F62-0A31-CDE8-A2B9AE003A29}
		{5AE8F9DD-95BE-4A09-3398-CDD18ECDE778} = {B36A84DF-456D-A817-6EDD-3EC3E7F6E11F}
		{851AE934-E750-45CA-8B71-FF41A962BAAD} = {5AE8F9DD-95BE-4A09-3398-CDD18ECDE778}
		{5D31280E-3A77-5A32-C34B-0AE0B56BBCBF} = {B36A84DF-456D-A817-6EDD-3EC3E7F6E11F}
		{E0BADA36-F6FE-4FCD-9E8A-5B06F53002D2} = {5D31280E-3A77-5A32-C34B-0AE0B56BBCBF}
		{37C04EA5-57D4-49A1-9692-2DF7D1ED2305} = {827E0CD3-B72D-47B6-A68D-7590B98EB39B}
	EndGlobalSection
EndGlobal
